
Microsoft Visual Studio Solution File, Format Version 12.00
# Visual Studio Version 17
VisualStudioVersion = 17.0.31903.59
MinimumVisualStudioVersion = 10.0.40219.1
Project("{9A19103F-16F7-4668-BE54-9A1E7A4F7556}") = "ItemApi", "ItemApi\ItemApi.csproj", "{87BF99E3-7799-4366-869B-F10053AD777E}"
EndProject
Project("{FAE04EC0-301F-11D3-BF4B-00C04F79EFBC}") = "ConsoleAppSample", "ConsoleAppSample\ConsoleAppSample.csproj", "{16ABD014-9B31-4AE2-9324-41A3A9133523}"
EndProject
Global
	GlobalSection(SolutionConfigurationPlatforms) = preSolution
		Debug|Any CPU = Debug|Any CPU
		Release|Any CPU = Release|Any CPU
	EndGlobalSection
	GlobalSection(ProjectConfigurationPlatforms) = postSolution
		{87BF99E3-7799-4366-869B-F10053AD777E}.Debug|Any CPU.ActiveCfg = Debug|Any CPU
		{87BF99E3-7799-4366-869B-F10053AD777E}.Debug|Any CPU.Build.0 = Debug|Any CPU
		{87BF99E3-7799-4366-869B-F10053AD777E}.Release|Any CPU.ActiveCfg = Release|Any CPU
		{87BF99E3-7799-4366-869B-F10053AD777E}.Release|Any CPU.Build.0 = Release|Any CPU
		{16ABD014-9B31-4AE2-9324-41A3A9133523}.Debug|Any CPU.ActiveCfg = Debug|Any CPU
		{16ABD014-9B31-4AE2-9324-41A3A9133523}.Debug|Any CPU.Build.0 = Debug|Any CPU
		{16ABD014-9B31-4AE2-9324-41A3A9133523}.Release|Any CPU.ActiveCfg = Release|Any CPU
		{16ABD014-9B31-4AE2-9324-41A3A9133523}.Release|Any CPU.Build.0 = Release|Any CPU
	EndGlobalSection
	GlobalSection(SolutionProperties) = preSolution
		HideSolutionNode = FALSE
	EndGlobalSection
	GlobalSection(ExtensibilityGlobals) = postSolution
		SolutionGuid = {85EE0E87-F947-4F6D-8560-82EC8AAFE40E}
	EndGlobalSection
EndGlobal
